
Microsoft Visual Studio Solution File, Format Version 12.00
# Visual Studio Version 16
VisualStudioVersion = 16.0.29230.61
MinimumVisualStudioVersion = 10.0.40219.1
Project("{9A19103F-16F7-4668-BE54-9A1E7A4F7556}") = "NodaTimePickerTest_dotnet_3_preview_0_9_0", "NodaTimePickerTest_dotnet_3_preview_0_9_0\NodaTimePickerTest_dotnet_3_preview_0_9_0.csproj", "{749F5202-88F3-4F2D-83C8-933C95E701AB}"
EndProject
Project("{FAE04EC0-301F-11D3-BF4B-00C04F79EFBC}") = "NodaTimePickerTest_dotnet_3_1_preview_2", "NodaTimePickerTest_dotnet_3_1_preview_2\NodaTimePickerTest_dotnet_3_1_preview_2.csproj", "{677424A7-D0D3-456B-BFD8-D3A69220441C}"
EndProject
Global
	GlobalSection(SolutionConfigurationPlatforms) = preSolution
		Debug|Any CPU = Debug|Any CPU
		Release|Any CPU = Release|Any CPU
	EndGlobalSection
	GlobalSection(ProjectConfigurationPlatforms) = postSolution
		{749F5202-88F3-4F2D-83C8-933C95E701AB}.Debug|Any CPU.ActiveCfg = Debug|Any CPU
		{749F5202-88F3-4F2D-83C8-933C95E701AB}.Debug|Any CPU.Build.0 = Debug|Any CPU
		{749F5202-88F3-4F2D-83C8-933C95E701AB}.Release|Any CPU.ActiveCfg = Release|Any CPU
		{749F5202-88F3-4F2D-83C8-933C95E701AB}.Release|Any CPU.Build.0 = Release|Any CPU
		{677424A7-D0D3-456B-BFD8-D3A69220441C}.Debug|Any CPU.ActiveCfg = Debug|Any CPU
		{677424A7-D0D3-456B-BFD8-D3A69220441C}.Debug|Any CPU.Build.0 = Debug|Any CPU
		{677424A7-D0D3-456B-BFD8-D3A69220441C}.Release|Any CPU.ActiveCfg = Release|Any CPU
		{677424A7-D0D3-456B-BFD8-D3A69220441C}.Release|Any CPU.Build.0 = Release|Any CPU
	EndGlobalSection
	GlobalSection(SolutionProperties) = preSolution
		HideSolutionNode = FALSE
	EndGlobalSection
	GlobalSection(ExtensibilityGlobals) = postSolution
		SolutionGuid = {333782AF-40CE-461F-977C-95538C65C3C2}
	EndGlobalSection
EndGlobal
